// !$*UTF8*$!
{
	archiveVersion = 1;
	classes = {
	};
	objectVersion = 50;
	objects = {

/* Begin PBXBuildFile section */
		7FC081A5F8171FB3F17B8553 /* libPods-OCDemo.a in Frameworks */ = {isa = PBXBuildFile; fileRef = D1576118C5171FACACE59F8E /* libPods-OCDemo.a */; };
		8408A386220045070048EC6C /* UIView+Layout.m in Sources */ = {isa = PBXBuildFile; fileRef = 8408A385220045070048EC6C /* UIView+Layout.m */; };
		8408A389220045390048EC6C /* UIViewController+BackButtonHandler.m in Sources */ = {isa = PBXBuildFile; fileRef = 8408A388220045390048EC6C /* UIViewController+BackButtonHandler.m */; };
		8408A38C2200546B0048EC6C /* Helper.m in Sources */ = {isa = PBXBuildFile; fileRef = 8408A38B2200546B0048EC6C /* Helper.m */; };
		8438203521F43ADE00A30FA3 /* UIColor+Hex.m in Sources */ = {isa = PBXBuildFile; fileRef = 8438203421F43ADE00A30FA3 /* UIColor+Hex.m */; };
		8438203921F43C0700A30FA3 /* BaseViewController.m in Sources */ = {isa = PBXBuildFile; fileRef = 8438203821F43C0700A30FA3 /* BaseViewController.m */; };
		8438203D21F43C5A00A30FA3 /* TestViewController.m in Sources */ = {isa = PBXBuildFile; fileRef = 8438203C21F43C5A00A30FA3 /* TestViewController.m */; };
		8438204221F43E4000A30FA3 /* MainViewController.m in Sources */ = {isa = PBXBuildFile; fileRef = 8438204121F43E4000A30FA3 /* MainViewController.m */; };
		8438204A21F43F0800A30FA3 /* OneHomeViewController.m in Sources */ = {isa = PBXBuildFile; fileRef = 8438204921F43F0800A30FA3 /* OneHomeViewController.m */; };
		8438204D21F43F2500A30FA3 /* TwoHomeViewController.m in Sources */ = {isa = PBXBuildFile; fileRef = 8438204C21F43F2500A30FA3 /* TwoHomeViewController.m */; };
		8438205021F43F4300A30FA3 /* ThreeHomeViewController.m in Sources */ = {isa = PBXBuildFile; fileRef = 8438204F21F43F4300A30FA3 /* ThreeHomeViewController.m */; };
		8438205321F43F6100A30FA3 /* FourHomeViewController.m in Sources */ = {isa = PBXBuildFile; fileRef = 8438205221F43F6100A30FA3 /* FourHomeViewController.m */; };
		8438205A21F443FB00A30FA3 /* dynamic.gif in Resources */ = {isa = PBXBuildFile; fileRef = 8438205921F443FB00A30FA3 /* dynamic.gif */; };
		8438205E21F446C700A30FA3 /* TestWebView.html in Resources */ = {isa = PBXBuildFile; fileRef = 8438205D21F446C700A30FA3 /* TestWebView.html */; };
		8438206021F448AA00A30FA3 /* Windbell.mp3 in Resources */ = {isa = PBXBuildFile; fileRef = 8438205F21F448AA00A30FA3 /* Windbell.mp3 */; };
		8438206821F45BBD00A30FA3 /* DataManager.m in Sources */ = {isa = PBXBuildFile; fileRef = 8438206721F45BBD00A30FA3 /* DataManager.m */; };
		8438206A21F4663C00A30FA3 /* test.json in Resources */ = {isa = PBXBuildFile; fileRef = 8438206921F4663C00A30FA3 /* test.json */; };
		8438206C21F4664200A30FA3 /* test.xml in Resources */ = {isa = PBXBuildFile; fileRef = 8438206B21F4664200A30FA3 /* test.xml */; };
		844ABC2221F216F200CCC6C2 /* AppDelegate.m in Sources */ = {isa = PBXBuildFile; fileRef = 844ABC2121F216F200CCC6C2 /* AppDelegate.m */; };
		844ABC2A21F216F200CCC6C2 /* Assets.xcassets in Resources */ = {isa = PBXBuildFile; fileRef = 844ABC2921F216F200CCC6C2 /* Assets.xcassets */; };
		844ABC2D21F216F200CCC6C2 /* LaunchScreen.storyboard in Resources */ = {isa = PBXBuildFile; fileRef = 844ABC2B21F216F200CCC6C2 /* LaunchScreen.storyboard */; };
		844ABC3021F216F200CCC6C2 /* main.m in Sources */ = {isa = PBXBuildFile; fileRef = 844ABC2F21F216F200CCC6C2 /* main.m */; };
		844ABC3A21F216F200CCC6C2 /* OCDemoTests.m in Sources */ = {isa = PBXBuildFile; fileRef = 844ABC3921F216F200CCC6C2 /* OCDemoTests.m */; };
		844ABC4521F216F300CCC6C2 /* OCDemoUITests.m in Sources */ = {isa = PBXBuildFile; fileRef = 844ABC4421F216F300CCC6C2 /* OCDemoUITests.m */; };
		844ABCFD21F399C600CCC6C2 /* InfoPlist.strings in Resources */ = {isa = PBXBuildFile; fileRef = 844ABCFF21F399C600CCC6C2 /* InfoPlist.strings */; };
		844ABD0221F399DB00CCC6C2 /* Localizable.strings in Resources */ = {isa = PBXBuildFile; fileRef = 844ABD0421F399DB00CCC6C2 /* Localizable.strings */; };
		844ABD0721F399E600CCC6C2 /* CustomLocalized.strings in Resources */ = {isa = PBXBuildFile; fileRef = 844ABD0921F399E600CCC6C2 /* CustomLocalized.strings */; };
		844ABD1521F4245B00CCC6C2 /* 站酷快乐体.ttf in Resources */ = {isa = PBXBuildFile; fileRef = 844ABD1421F4245B00CCC6C2 /* 站酷快乐体.ttf */; };
		844B942E22003F750050F982 /* BaseView.m in Sources */ = {isa = PBXBuildFile; fileRef = 844B942D22003F750050F982 /* BaseView.m */; };
		844B943122003FD90050F982 /* BaseNavigationController.m in Sources */ = {isa = PBXBuildFile; fileRef = 844B943022003FD90050F982 /* BaseNavigationController.m */; };
		844B9434220040870050F982 /* BaseTabBarController.m in Sources */ = {isa = PBXBuildFile; fileRef = 844B9433220040870050F982 /* BaseTabBarController.m */; };
		844B9438220041FC0050F982 /* BaseLabel.m in Sources */ = {isa = PBXBuildFile; fileRef = 844B9437220041FC0050F982 /* BaseLabel.m */; };
		844B943B220042300050F982 /* BaseButton.m in Sources */ = {isa = PBXBuildFile; fileRef = 844B943A2200422F0050F982 /* BaseButton.m */; };
		844B943E2200425F0050F982 /* BaseTextField.m in Sources */ = {isa = PBXBuildFile; fileRef = 844B943D2200425F0050F982 /* BaseTextField.m */; };
		844B9441220042770050F982 /* BaseTextView.m in Sources */ = {isa = PBXBuildFile; fileRef = 844B9440220042770050F982 /* BaseTextView.m */; };
		844B9444220042B40050F982 /* BaseScrollView.m in Sources */ = {isa = PBXBuildFile; fileRef = 844B9443220042B40050F982 /* BaseScrollView.m */; };
		844B9447220042DC0050F982 /* BaseTableView.m in Sources */ = {isa = PBXBuildFile; fileRef = 844B9446220042DC0050F982 /* BaseTableView.m */; };
		844B944A220042F30050F982 /* BaseTableViewCell.m in Sources */ = {isa = PBXBuildFile; fileRef = 844B9449220042F30050F982 /* BaseTableViewCell.m */; };
/* End PBXBuildFile section */

/* Begin PBXContainerItemProxy section */
		844ABC3621F216F200CCC6C2 /* PBXContainerItemProxy */ = {
			isa = PBXContainerItemProxy;
			containerPortal = 844ABC1521F216F200CCC6C2 /* Project object */;
			proxyType = 1;
			remoteGlobalIDString = 844ABC1C21F216F200CCC6C2;
			remoteInfo = OCDemo;
		};
		844ABC4121F216F300CCC6C2 /* PBXContainerItemProxy */ = {
			isa = PBXContainerItemProxy;
			containerPortal = 844ABC1521F216F200CCC6C2 /* Project object */;
			proxyType = 1;
			remoteGlobalIDString = 844ABC1C21F216F200CCC6C2;
			remoteInfo = OCDemo;
		};
/* End PBXContainerItemProxy section */

/* Begin PBXFileReference section */
		8408A384220045070048EC6C /* UIView+Layout.h */ = {isa = PBXFileReference; lastKnownFileType = sourcecode.c.h; path = "UIView+Layout.h"; sourceTree = "<group>"; };
		8408A385220045070048EC6C /* UIView+Layout.m */ = {isa = PBXFileReference; lastKnownFileType = sourcecode.c.objc; path = "UIView+Layout.m"; sourceTree = "<group>"; };
		8408A387220045390048EC6C /* UIViewController+BackButtonHandler.h */ = {isa = PBXFileReference; lastKnownFileType = sourcecode.c.h; path = "UIViewController+BackButtonHandler.h"; sourceTree = "<group>"; };
		8408A388220045390048EC6C /* UIViewController+BackButtonHandler.m */ = {isa = PBXFileReference; lastKnownFileType = sourcecode.c.objc; path = "UIViewController+BackButtonHandler.m"; sourceTree = "<group>"; };
		8408A38A2200546B0048EC6C /* Helper.h */ = {isa = PBXFileReference; lastKnownFileType = sourcecode.c.h; path = Helper.h; sourceTree = "<group>"; };
		8408A38B2200546B0048EC6C /* Helper.m */ = {isa = PBXFileReference; lastKnownFileType = sourcecode.c.objc; path = Helper.m; sourceTree = "<group>"; };
		8438203221F43A7F00A30FA3 /* Header.h */ = {isa = PBXFileReference; lastKnownFileType = sourcecode.c.h; path = Header.h; sourceTree = "<group>"; };
		8438203321F43ADE00A30FA3 /* UIColor+Hex.h */ = {isa = PBXFileReference; lastKnownFileType = sourcecode.c.h; path = "UIColor+Hex.h"; sourceTree = "<group>"; };
		8438203421F43ADE00A30FA3 /* UIColor+Hex.m */ = {isa = PBXFileReference; lastKnownFileType = sourcecode.c.objc; path = "UIColor+Hex.m"; sourceTree = "<group>"; };
		8438203721F43C0700A30FA3 /* BaseViewController.h */ = {isa = PBXFileReference; lastKnownFileType = sourcecode.c.h; path = BaseViewController.h; sourceTree = "<group>"; };
		8438203821F43C0700A30FA3 /* BaseViewController.m */ = {isa = PBXFileReference; lastKnownFileType = sourcecode.c.objc; path = BaseViewController.m; sourceTree = "<group>"; };
		8438203B21F43C5A00A30FA3 /* TestViewController.h */ = {isa = PBXFileReference; lastKnownFileType = sourcecode.c.h; path = TestViewController.h; sourceTree = "<group>"; };
		8438203C21F43C5A00A30FA3 /* TestViewController.m */ = {isa = PBXFileReference; lastKnownFileType = sourcecode.c.objc; path = TestViewController.m; sourceTree = "<group>"; };
		8438204021F43E4000A30FA3 /* MainViewController.h */ = {isa = PBXFileReference; lastKnownFileType = sourcecode.c.h; path = MainViewController.h; sourceTree = "<group>"; };
		8438204121F43E4000A30FA3 /* MainViewController.m */ = {isa = PBXFileReference; lastKnownFileType = sourcecode.c.objc; path = MainViewController.m; sourceTree = "<group>"; };
		8438204821F43F0800A30FA3 /* OneHomeViewController.h */ = {isa = PBXFileReference; lastKnownFileType = sourcecode.c.h; path = OneHomeViewController.h; sourceTree = "<group>"; };
		8438204921F43F0800A30FA3 /* OneHomeViewController.m */ = {isa = PBXFileReference; lastKnownFileType = sourcecode.c.objc; path = OneHomeViewController.m; sourceTree = "<group>"; };
		8438204B21F43F2500A30FA3 /* TwoHomeViewController.h */ = {isa = PBXFileReference; lastKnownFileType = sourcecode.c.h; path = TwoHomeViewController.h; sourceTree = "<group>"; };
		8438204C21F43F2500A30FA3 /* TwoHomeViewController.m */ = {isa = PBXFileReference; lastKnownFileType = sourcecode.c.objc; path = TwoHomeViewController.m; sourceTree = "<group>"; };
		8438204E21F43F4300A30FA3 /* ThreeHomeViewController.h */ = {isa = PBXFileReference; lastKnownFileType = sourcecode.c.h; path = ThreeHomeViewController.h; sourceTree = "<group>"; };
		8438204F21F43F4300A30FA3 /* ThreeHomeViewController.m */ = {isa = PBXFileReference; lastKnownFileType = sourcecode.c.objc; path = ThreeHomeViewController.m; sourceTree = "<group>"; };
		8438205121F43F6100A30FA3 /* FourHomeViewController.h */ = {isa = PBXFileReference; lastKnownFileType = sourcecode.c.h; path = FourHomeViewController.h; sourceTree = "<group>"; };
		8438205221F43F6100A30FA3 /* FourHomeViewController.m */ = {isa = PBXFileReference; lastKnownFileType = sourcecode.c.objc; path = FourHomeViewController.m; sourceTree = "<group>"; };
		8438205921F443FB00A30FA3 /* dynamic.gif */ = {isa = PBXFileReference; lastKnownFileType = image.gif; path = dynamic.gif; sourceTree = "<group>"; };
		8438205D21F446C700A30FA3 /* TestWebView.html */ = {isa = PBXFileReference; fileEncoding = 4; lastKnownFileType = text.html; path = TestWebView.html; sourceTree = "<group>"; };
		8438205F21F448AA00A30FA3 /* Windbell.mp3 */ = {isa = PBXFileReference; lastKnownFileType = audio.mp3; path = Windbell.mp3; sourceTree = "<group>"; };
		8438206221F4554700A30FA3 /* Readme.h */ = {isa = PBXFileReference; lastKnownFileType = sourcecode.c.h; path = Readme.h; sourceTree = "<group>"; };
		8438206621F45BBD00A30FA3 /* DataManager.h */ = {isa = PBXFileReference; lastKnownFileType = sourcecode.c.h; path = DataManager.h; sourceTree = "<group>"; };
		8438206721F45BBD00A30FA3 /* DataManager.m */ = {isa = PBXFileReference; lastKnownFileType = sourcecode.c.objc; path = DataManager.m; sourceTree = "<group>"; };
		8438206921F4663C00A30FA3 /* test.json */ = {isa = PBXFileReference; fileEncoding = 4; lastKnownFileType = text.json; path = test.json; sourceTree = "<group>"; };
		8438206B21F4664200A30FA3 /* test.xml */ = {isa = PBXFileReference; fileEncoding = 4; lastKnownFileType = text.xml; path = test.xml; sourceTree = "<group>"; };
		844ABC1D21F216F200CCC6C2 /* OCDemo.app */ = {isa = PBXFileReference; explicitFileType = wrapper.application; includeInIndex = 0; path = OCDemo.app; sourceTree = BUILT_PRODUCTS_DIR; };
		844ABC2021F216F200CCC6C2 /* AppDelegate.h */ = {isa = PBXFileReference; lastKnownFileType = sourcecode.c.h; path = AppDelegate.h; sourceTree = "<group>"; };
		844ABC2121F216F200CCC6C2 /* AppDelegate.m */ = {isa = PBXFileReference; lastKnownFileType = sourcecode.c.objc; path = AppDelegate.m; sourceTree = "<group>"; };
		844ABC2921F216F200CCC6C2 /* Assets.xcassets */ = {isa = PBXFileReference; lastKnownFileType = folder.assetcatalog; path = Assets.xcassets; sourceTree = "<group>"; };
		844ABC2C21F216F200CCC6C2 /* Base */ = {isa = PBXFileReference; lastKnownFileType = file.storyboard; name = Base; path = Base.lproj/LaunchScreen.storyboard; sourceTree = "<group>"; };
		844ABC2E21F216F200CCC6C2 /* Info.plist */ = {isa = PBXFileReference; lastKnownFileType = text.plist.xml; path = Info.plist; sourceTree = "<group>"; };
		844ABC2F21F216F200CCC6C2 /* main.m */ = {isa = PBXFileReference; lastKnownFileType = sourcecode.c.objc; path = main.m; sourceTree = "<group>"; };
		844ABC3521F216F200CCC6C2 /* OCDemoTests.xctest */ = {isa = PBXFileReference; explicitFileType = wrapper.cfbundle; includeInIndex = 0; path = OCDemoTests.xctest; sourceTree = BUILT_PRODUCTS_DIR; };
		844ABC3921F216F200CCC6C2 /* OCDemoTests.m */ = {isa = PBXFileReference; lastKnownFileType = sourcecode.c.objc; path = OCDemoTests.m; sourceTree = "<group>"; };
		844ABC3B21F216F300CCC6C2 /* Info.plist */ = {isa = PBXFileReference; lastKnownFileType = text.plist.xml; path = Info.plist; sourceTree = "<group>"; };
		844ABC4021F216F300CCC6C2 /* OCDemoUITests.xctest */ = {isa = PBXFileReference; explicitFileType = wrapper.cfbundle; includeInIndex = 0; path = OCDemoUITests.xctest; sourceTree = BUILT_PRODUCTS_DIR; };
		844ABC4421F216F300CCC6C2 /* OCDemoUITests.m */ = {isa = PBXFileReference; lastKnownFileType = sourcecode.c.objc; path = OCDemoUITests.m; sourceTree = "<group>"; };
		844ABC4621F216F300CCC6C2 /* Info.plist */ = {isa = PBXFileReference; lastKnownFileType = text.plist.xml; path = Info.plist; sourceTree = "<group>"; };
		844ABC9721F22A6700CCC6C2 /* OCDemo-Prefix.pch */ = {isa = PBXFileReference; lastKnownFileType = sourcecode.c.h; path = "OCDemo-Prefix.pch"; sourceTree = "<group>"; };
		844ABCF421F398CA00CCC6C2 /* zh-Hans */ = {isa = PBXFileReference; lastKnownFileType = text.plist.strings; name = "zh-Hans"; path = "zh-Hans.lproj/LaunchScreen.strings"; sourceTree = "<group>"; };
		844ABCF521F398D600CCC6C2 /* zh-Hant */ = {isa = PBXFileReference; lastKnownFileType = text.plist.strings; name = "zh-Hant"; path = "zh-Hant.lproj/LaunchScreen.strings"; sourceTree = "<group>"; };
		844ABCFE21F399C600CCC6C2 /* en */ = {isa = PBXFileReference; lastKnownFileType = text.plist.strings; name = en; path = en.lproj/InfoPlist.strings; sourceTree = "<group>"; };
		844ABD0021F399C800CCC6C2 /* zh-Hans */ = {isa = PBXFileReference; lastKnownFileType = text.plist.strings; name = "zh-Hans"; path = "zh-Hans.lproj/InfoPlist.strings"; sourceTree = "<group>"; };
		844ABD0121F399CA00CCC6C2 /* zh-Hant */ = {isa = PBXFileReference; lastKnownFileType = text.plist.strings; name = "zh-Hant"; path = "zh-Hant.lproj/InfoPlist.strings"; sourceTree = "<group>"; };
		844ABD0321F399DB00CCC6C2 /* en */ = {isa = PBXFileReference; lastKnownFileType = text.plist.strings; name = en; path = en.lproj/Localizable.strings; sourceTree = "<group>"; };
		844ABD0521F399DD00CCC6C2 /* zh-Hans */ = {isa = PBXFileReference; lastKnownFileType = text.plist.strings; name = "zh-Hans"; path = "zh-Hans.lproj/Localizable.strings"; sourceTree = "<group>"; };
		844ABD0621F399DE00CCC6C2 /* zh-Hant */ = {isa = PBXFileReference; lastKnownFileType = text.plist.strings; name = "zh-Hant"; path = "zh-Hant.lproj/Localizable.strings"; sourceTree = "<group>"; };
		844ABD0821F399E600CCC6C2 /* en */ = {isa = PBXFileReference; lastKnownFileType = text.plist.strings; name = en; path = en.lproj/CustomLocalized.strings; sourceTree = "<group>"; };
		844ABD0A21F399E800CCC6C2 /* zh-Hans */ = {isa = PBXFileReference; lastKnownFileType = text.plist.strings; name = "zh-Hans"; path = "zh-Hans.lproj/CustomLocalized.strings"; sourceTree = "<group>"; };
		844ABD0B21F399E900CCC6C2 /* zh-Hant */ = {isa = PBXFileReference; lastKnownFileType = text.plist.strings; name = "zh-Hant"; path = "zh-Hant.lproj/CustomLocalized.strings"; sourceTree = "<group>"; };
		844ABD1421F4245B00CCC6C2 /* 站酷快乐体.ttf */ = {isa = PBXFileReference; lastKnownFileType = file; path = "站酷快乐体.ttf"; sourceTree = "<group>"; };
		844B942C22003F750050F982 /* BaseView.h */ = {isa = PBXFileReference; lastKnownFileType = sourcecode.c.h; path = BaseView.h; sourceTree = "<group>"; };
		844B942D22003F750050F982 /* BaseView.m */ = {isa = PBXFileReference; lastKnownFileType = sourcecode.c.objc; path = BaseView.m; sourceTree = "<group>"; };
		844B942F22003FD90050F982 /* BaseNavigationController.h */ = {isa = PBXFileReference; lastKnownFileType = sourcecode.c.h; path = BaseNavigationController.h; sourceTree = "<group>"; };
		844B943022003FD90050F982 /* BaseNavigationController.m */ = {isa = PBXFileReference; lastKnownFileType = sourcecode.c.objc; path = BaseNavigationController.m; sourceTree = "<group>"; };
		844B9432220040870050F982 /* BaseTabBarController.h */ = {isa = PBXFileReference; lastKnownFileType = sourcecode.c.h; path = BaseTabBarController.h; sourceTree = "<group>"; };
		844B9433220040870050F982 /* BaseTabBarController.m */ = {isa = PBXFileReference; lastKnownFileType = sourcecode.c.objc; path = BaseTabBarController.m; sourceTree = "<group>"; };
		844B9436220041FC0050F982 /* BaseLabel.h */ = {isa = PBXFileReference; lastKnownFileType = sourcecode.c.h; path = BaseLabel.h; sourceTree = "<group>"; };
		844B9437220041FC0050F982 /* BaseLabel.m */ = {isa = PBXFileReference; lastKnownFileType = sourcecode.c.objc; path = BaseLabel.m; sourceTree = "<group>"; };
		844B94392200422F0050F982 /* BaseButton.h */ = {isa = PBXFileReference; lastKnownFileType = sourcecode.c.h; path = BaseButton.h; sourceTree = "<group>"; };
		844B943A2200422F0050F982 /* BaseButton.m */ = {isa = PBXFileReference; lastKnownFileType = sourcecode.c.objc; path = BaseButton.m; sourceTree = "<group>"; };
		844B943C2200425F0050F982 /* BaseTextField.h */ = {isa = PBXFileReference; lastKnownFileType = sourcecode.c.h; path = BaseTextField.h; sourceTree = "<group>"; };
		844B943D2200425F0050F982 /* BaseTextField.m */ = {isa = PBXFileReference; lastKnownFileType = sourcecode.c.objc; path = BaseTextField.m; sourceTree = "<group>"; };
		844B943F220042770050F982 /* BaseTextView.h */ = {isa = PBXFileReference; lastKnownFileType = sourcecode.c.h; path = BaseTextView.h; sourceTree = "<group>"; };
		844B9440220042770050F982 /* BaseTextView.m */ = {isa = PBXFileReference; lastKnownFileType = sourcecode.c.objc; path = BaseTextView.m; sourceTree = "<group>"; };
		844B9442220042B40050F982 /* BaseScrollView.h */ = {isa = PBXFileReference; lastKnownFileType = sourcecode.c.h; path = BaseScrollView.h; sourceTree = "<group>"; };
		844B9443220042B40050F982 /* BaseScrollView.m */ = {isa = PBXFileReference; lastKnownFileType = sourcecode.c.objc; path = BaseScrollView.m; sourceTree = "<group>"; };
		844B9445220042DC0050F982 /* BaseTableView.h */ = {isa = PBXFileReference; lastKnownFileType = sourcecode.c.h; path = BaseTableView.h; sourceTree = "<group>"; };
		844B9446220042DC0050F982 /* BaseTableView.m */ = {isa = PBXFileReference; lastKnownFileType = sourcecode.c.objc; path = BaseTableView.m; sourceTree = "<group>"; };
		844B9448220042F30050F982 /* BaseTableViewCell.h */ = {isa = PBXFileReference; lastKnownFileType = sourcecode.c.h; path = BaseTableViewCell.h; sourceTree = "<group>"; };
		844B9449220042F30050F982 /* BaseTableViewCell.m */ = {isa = PBXFileReference; lastKnownFileType = sourcecode.c.objc; path = BaseTableViewCell.m; sourceTree = "<group>"; };
		9B470786546A2CB89C27F627 /* Pods-OCDemo.debug.xcconfig */ = {isa = PBXFileReference; includeInIndex = 1; lastKnownFileType = text.xcconfig; name = "Pods-OCDemo.debug.xcconfig"; path = "Pods/Target Support Files/Pods-OCDemo/Pods-OCDemo.debug.xcconfig"; sourceTree = "<group>"; };
		D1576118C5171FACACE59F8E /* libPods-OCDemo.a */ = {isa = PBXFileReference; explicitFileType = archive.ar; includeInIndex = 0; path = "libPods-OCDemo.a"; sourceTree = BUILT_PRODUCTS_DIR; };
		ED7A9477992E64A3B3997539 /* Pods-OCDemo.release.xcconfig */ = {isa = PBXFileReference; includeInIndex = 1; lastKnownFileType = text.xcconfig; name = "Pods-OCDemo.release.xcconfig"; path = "Pods/Target Support Files/Pods-OCDemo/Pods-OCDemo.release.xcconfig"; sourceTree = "<group>"; };
/* End PBXFileReference section */

/* Begin PBXFrameworksBuildPhase section */
		844ABC1A21F216F200CCC6C2 /* Frameworks */ = {
			isa = PBXFrameworksBuildPhase;
			buildActionMask = 2147483647;
			files = (
				7FC081A5F8171FB3F17B8553 /* libPods-OCDemo.a in Frameworks */,
			);
			runOnlyForDeploymentPostprocessing = 0;
		};
		844ABC3221F216F200CCC6C2 /* Frameworks */ = {
			isa = PBXFrameworksBuildPhase;
			buildActionMask = 2147483647;
			files = (
			);
			runOnlyForDeploymentPostprocessing = 0;
		};
		844ABC3D21F216F300CCC6C2 /* Frameworks */ = {
			isa = PBXFrameworksBuildPhase;
			buildActionMask = 2147483647;
			files = (
			);
			runOnlyForDeploymentPostprocessing = 0;
		};
/* End PBXFrameworksBuildPhase section */

/* Begin PBXGroup section */
		45F3E76BE03C82D46C1DFCAF /* Pods */ = {
			isa = PBXGroup;
			children = (
				9B470786546A2CB89C27F627 /* Pods-OCDemo.debug.xcconfig */,
				ED7A9477992E64A3B3997539 /* Pods-OCDemo.release.xcconfig */,
			);
			name = Pods;
			sourceTree = "<group>";
		};
		5DE489C563EA2721B6ABECD9 /* Frameworks */ = {
			isa = PBXGroup;
			children = (
				D1576118C5171FACACE59F8E /* libPods-OCDemo.a */,
			);
			name = Frameworks;
			sourceTree = "<group>";
		};
		8438204421F43EAE00A30FA3 /* Home */ = {
			isa = PBXGroup;
			children = (
				8438204821F43F0800A30FA3 /* OneHomeViewController.h */,
				8438204921F43F0800A30FA3 /* OneHomeViewController.m */,
			);
			path = Home;
			sourceTree = "<group>";
		};
		8438204521F43EC100A30FA3 /* Home */ = {
			isa = PBXGroup;
			children = (
				8438204B21F43F2500A30FA3 /* TwoHomeViewController.h */,
				8438204C21F43F2500A30FA3 /* TwoHomeViewController.m */,
			);
			path = Home;
			sourceTree = "<group>";
		};
		8438204621F43ECF00A30FA3 /* Home */ = {
			isa = PBXGroup;
			children = (
				8438204E21F43F4300A30FA3 /* ThreeHomeViewController.h */,
				8438204F21F43F4300A30FA3 /* ThreeHomeViewController.m */,
			);
			path = Home;
			sourceTree = "<group>";
		};
		8438204721F43EDE00A30FA3 /* Home */ = {
			isa = PBXGroup;
			children = (
				8438205121F43F6100A30FA3 /* FourHomeViewController.h */,
				8438205221F43F6100A30FA3 /* FourHomeViewController.m */,
			);
			path = Home;
			sourceTree = "<group>";
		};
		844ABC1421F216F200CCC6C2 = {
			isa = PBXGroup;
			children = (
				844ABC1F21F216F200CCC6C2 /* OCDemo */,
				844ABC3821F216F200CCC6C2 /* OCDemoTests */,
				844ABC4321F216F300CCC6C2 /* OCDemoUITests */,
				844ABC1E21F216F200CCC6C2 /* Products */,
				45F3E76BE03C82D46C1DFCAF /* Pods */,
				5DE489C563EA2721B6ABECD9 /* Frameworks */,
			);
			sourceTree = "<group>";
		};
		844ABC1E21F216F200CCC6C2 /* Products */ = {
			isa = PBXGroup;
			children = (
				844ABC1D21F216F200CCC6C2 /* OCDemo.app */,
				844ABC3521F216F200CCC6C2 /* OCDemoTests.xctest */,
				844ABC4021F216F300CCC6C2 /* OCDemoUITests.xctest */,
			);
			name = Products;
			sourceTree = "<group>";
		};
		844ABC1F21F216F200CCC6C2 /* OCDemo */ = {
			isa = PBXGroup;
			children = (
				844ABCD521F3730700CCC6C2 /* ThirdPartyLibrary */,
				844ABCD421F3730000CCC6C2 /* Base */,
				844ABCE421F37BA600CCC6C2 /* Category */,
				844ABCDE21F378B800CCC6C2 /* Utility */,
				844ABCD121F3723000CCC6C2 /* Common */,
				844ABCCB21F3716100CCC6C2 /* One */,
				844ABCCA21F3715C00CCC6C2 /* Two */,
				844ABCC921F3715700CCC6C2 /* Three */,
				844ABCC821F3715200CCC6C2 /* Four */,
				844ABCC321F370B800CCC6C2 /* TabBarController */,
				844ABC2021F216F200CCC6C2 /* AppDelegate.h */,
				844ABC2121F216F200CCC6C2 /* AppDelegate.m */,
				844ABC2921F216F200CCC6C2 /* Assets.xcassets */,
				844ABCE721F37DFA00CCC6C2 /* Supporting Files */,
			);
			path = OCDemo;
			sourceTree = "<group>";
		};
		844ABC3821F216F200CCC6C2 /* OCDemoTests */ = {
			isa = PBXGroup;
			children = (
				844ABC3921F216F200CCC6C2 /* OCDemoTests.m */,
				844ABC3B21F216F300CCC6C2 /* Info.plist */,
			);
			path = OCDemoTests;
			sourceTree = "<group>";
		};
		844ABC4321F216F300CCC6C2 /* OCDemoUITests */ = {
			isa = PBXGroup;
			children = (
				844ABC4421F216F300CCC6C2 /* OCDemoUITests.m */,
				844ABC4621F216F300CCC6C2 /* Info.plist */,
			);
			path = OCDemoUITests;
			sourceTree = "<group>";
		};
		844ABCC321F370B800CCC6C2 /* TabBarController */ = {
			isa = PBXGroup;
			children = (
				8438204021F43E4000A30FA3 /* MainViewController.h */,
				8438204121F43E4000A30FA3 /* MainViewController.m */,
			);
			path = TabBarController;
			sourceTree = "<group>";
		};
		844ABCC821F3715200CCC6C2 /* Four */ = {
			isa = PBXGroup;
			children = (
				8438204721F43EDE00A30FA3 /* Home */,
			);
			path = Four;
			sourceTree = "<group>";
		};
		844ABCC921F3715700CCC6C2 /* Three */ = {
			isa = PBXGroup;
			children = (
				8438204621F43ECF00A30FA3 /* Home */,
			);
			path = Three;
			sourceTree = "<group>";
		};
		844ABCCA21F3715C00CCC6C2 /* Two */ = {
			isa = PBXGroup;
			children = (
				8438204521F43EC100A30FA3 /* Home */,
			);
			path = Two;
			sourceTree = "<group>";
		};
		844ABCCB21F3716100CCC6C2 /* One */ = {
			isa = PBXGroup;
			children = (
				8438204421F43EAE00A30FA3 /* Home */,
			);
			path = One;
			sourceTree = "<group>";
		};
		844ABCD121F3723000CCC6C2 /* Common */ = {
			isa = PBXGroup;
			children = (
				844ABCE121F3799D00CCC6C2 /* Test */,
				844ABCDF21F378E000CCC6C2 /* Header */,
				844ABCD621F3736000CCC6C2 /* Localized */,
				844ABCD221F3723000CCC6C2 /* Resource */,
			);
			path = Common;
			sourceTree = "<group>";
		};
		844ABCD221F3723000CCC6C2 /* Resource */ = {
			isa = PBXGroup;
			children = (
				844ABCE321F37A3C00CCC6C2 /* JSON */,
				844ABCE221F37A3700CCC6C2 /* XML */,
				844ABCD821F3761500CCC6C2 /* FontFile */,
				844ABCD921F3761D00CCC6C2 /* Image */,
				844ABCDB21F3762600CCC6C2 /* Web */,
				844ABCDA21F3762200CCC6C2 /* Media */,
			);
			path = Resource;
			sourceTree = "<group>";
		};
		844ABCD421F3730000CCC6C2 /* Base */ = {
			isa = PBXGroup;
			children = (
				8438203721F43C0700A30FA3 /* BaseViewController.h */,
				8438203821F43C0700A30FA3 /* BaseViewController.m */,
				844B942F22003FD90050F982 /* BaseNavigationController.h */,
				844B943022003FD90050F982 /* BaseNavigationController.m */,
				844B9432220040870050F982 /* BaseTabBarController.h */,
				844B9433220040870050F982 /* BaseTabBarController.m */,
				844B942C22003F750050F982 /* BaseView.h */,
				844B942D22003F750050F982 /* BaseView.m */,
				844B9436220041FC0050F982 /* BaseLabel.h */,
				844B9437220041FC0050F982 /* BaseLabel.m */,
				844B94392200422F0050F982 /* BaseButton.h */,
				844B943A2200422F0050F982 /* BaseButton.m */,
				844B943C2200425F0050F982 /* BaseTextField.h */,
				844B943D2200425F0050F982 /* BaseTextField.m */,
				844B943F220042770050F982 /* BaseTextView.h */,
				844B9440220042770050F982 /* BaseTextView.m */,
				844B9442220042B40050F982 /* BaseScrollView.h */,
				844B9443220042B40050F982 /* BaseScrollView.m */,
				844B9445220042DC0050F982 /* BaseTableView.h */,
				844B9446220042DC0050F982 /* BaseTableView.m */,
				844B9448220042F30050F982 /* BaseTableViewCell.h */,
				844B9449220042F30050F982 /* BaseTableViewCell.m */,
			);
			path = Base;
			sourceTree = "<group>";
		};
		844ABCD521F3730700CCC6C2 /* ThirdPartyLibrary */ = {
			isa = PBXGroup;
			children = (
				8438206221F4554700A30FA3 /* Readme.h */,
			);
			path = ThirdPartyLibrary;
			sourceTree = "<group>";
		};
		844ABCD621F3736000CCC6C2 /* Localized */ = {
			isa = PBXGroup;
			children = (
				844ABCFF21F399C600CCC6C2 /* InfoPlist.strings */,
				844ABD0421F399DB00CCC6C2 /* Localizable.strings */,
				844ABD0921F399E600CCC6C2 /* CustomLocalized.strings */,
			);
			path = Localized;
			sourceTree = "<group>";
		};
		844ABCD821F3761500CCC6C2 /* FontFile */ = {
			isa = PBXGroup;
			children = (
				844ABD1421F4245B00CCC6C2 /* 站酷快乐体.ttf */,
			);
			path = FontFile;
			sourceTree = "<group>";
		};
		844ABCD921F3761D00CCC6C2 /* Image */ = {
			isa = PBXGroup;
			children = (
				8438205921F443FB00A30FA3 /* dynamic.gif */,
			);
			path = Image;
			sourceTree = "<group>";
		};
		844ABCDA21F3762200CCC6C2 /* Media */ = {
			isa = PBXGroup;
			children = (
				8438205F21F448AA00A30FA3 /* Windbell.mp3 */,
			);
			path = Media;
			sourceTree = "<group>";
		};
		844ABCDB21F3762600CCC6C2 /* Web */ = {
			isa = PBXGroup;
			children = (
				8438205D21F446C700A30FA3 /* TestWebView.html */,
			);
			path = Web;
			sourceTree = "<group>";
		};
		844ABCDE21F378B800CCC6C2 /* Utility */ = {
			isa = PBXGroup;
			children = (
				8408A38A2200546B0048EC6C /* Helper.h */,
				8408A38B2200546B0048EC6C /* Helper.m */,
				8438206621F45BBD00A30FA3 /* DataManager.h */,
				8438206721F45BBD00A30FA3 /* DataManager.m */,
			);
			path = Utility;
			sourceTree = "<group>";
		};
		844ABCDF21F378E000CCC6C2 /* Header */ = {
			isa = PBXGroup;
			children = (
				8438203221F43A7F00A30FA3 /* Header.h */,
			);
			path = Header;
			sourceTree = "<group>";
		};
		844ABCE121F3799D00CCC6C2 /* Test */ = {
			isa = PBXGroup;
			children = (
				8438203B21F43C5A00A30FA3 /* TestViewController.h */,
				8438203C21F43C5A00A30FA3 /* TestViewController.m */,
			);
			path = Test;
			sourceTree = "<group>";
		};
		844ABCE221F37A3700CCC6C2 /* XML */ = {
			isa = PBXGroup;
			children = (
				8438206B21F4664200A30FA3 /* test.xml */,
			);
			path = XML;
			sourceTree = "<group>";
		};
		844ABCE321F37A3C00CCC6C2 /* JSON */ = {
			isa = PBXGroup;
			children = (
				8438206921F4663C00A30FA3 /* test.json */,
			);
			path = JSON;
			sourceTree = "<group>";
		};
		844ABCE421F37BA600CCC6C2 /* Category */ = {
			isa = PBXGroup;
			children = (
				8438203321F43ADE00A30FA3 /* UIColor+Hex.h */,
				8438203421F43ADE00A30FA3 /* UIColor+Hex.m */,
				8408A384220045070048EC6C /* UIView+Layout.h */,
				8408A385220045070048EC6C /* UIView+Layout.m */,
				8408A387220045390048EC6C /* UIViewController+BackButtonHandler.h */,
				8408A388220045390048EC6C /* UIViewController+BackButtonHandler.m */,
			);
			path = Category;
			sourceTree = "<group>";
		};
		844ABCE721F37DFA00CCC6C2 /* Supporting Files */ = {
			isa = PBXGroup;
			children = (
				844ABC2B21F216F200CCC6C2 /* LaunchScreen.storyboard */,
				844ABC2E21F216F200CCC6C2 /* Info.plist */,
				844ABC2F21F216F200CCC6C2 /* main.m */,
				844ABC9721F22A6700CCC6C2 /* OCDemo-Prefix.pch */,
			);
			path = "Supporting Files";
			sourceTree = "<group>";
		};
/* End PBXGroup section */

/* Begin PBXNativeTarget section */
		844ABC1C21F216F200CCC6C2 /* OCDemo */ = {
			isa = PBXNativeTarget;
			buildConfigurationList = 844ABC4921F216F300CCC6C2 /* Build configuration list for PBXNativeTarget "OCDemo" */;
			buildPhases = (
				0316CD1A1D816371BF81A9BC /* [CP] Check Pods Manifest.lock */,
				844ABC1921F216F200CCC6C2 /* Sources */,
				844ABC1A21F216F200CCC6C2 /* Frameworks */,
				844ABC1B21F216F200CCC6C2 /* Resources */,
				C5A7A9DE24051E857F43C0E7 /* [CP] Copy Pods Resources */,
			);
			buildRules = (
			);
			dependencies = (
			);
			name = OCDemo;
			productName = OCDemo;
			productReference = 844ABC1D21F216F200CCC6C2 /* OCDemo.app */;
			productType = "com.apple.product-type.application";
		};
		844ABC3421F216F200CCC6C2 /* OCDemoTests */ = {
			isa = PBXNativeTarget;
			buildConfigurationList = 844ABC4C21F216F300CCC6C2 /* Build configuration list for PBXNativeTarget "OCDemoTests" */;
			buildPhases = (
				844ABC3121F216F200CCC6C2 /* Sources */,
				844ABC3221F216F200CCC6C2 /* Frameworks */,
				844ABC3321F216F200CCC6C2 /* Resources */,
			);
			buildRules = (
			);
			dependencies = (
				844ABC3721F216F200CCC6C2 /* PBXTargetDependency */,
			);
			name = OCDemoTests;
			productName = OCDemoTests;
			productReference = 844ABC3521F216F200CCC6C2 /* OCDemoTests.xctest */;
			productType = "com.apple.product-type.bundle.unit-test";
		};
		844ABC3F21F216F300CCC6C2 /* OCDemoUITests */ = {
			isa = PBXNativeTarget;
			buildConfigurationList = 844ABC4F21F216F300CCC6C2 /* Build configuration list for PBXNativeTarget "OCDemoUITests" */;
			buildPhases = (
				844ABC3C21F216F300CCC6C2 /* Sources */,
				844ABC3D21F216F300CCC6C2 /* Frameworks */,
				844ABC3E21F216F300CCC6C2 /* Resources */,
			);
			buildRules = (
			);
			dependencies = (
				844ABC4221F216F300CCC6C2 /* PBXTargetDependency */,
			);
			name = OCDemoUITests;
			productName = OCDemoUITests;
			productReference = 844ABC4021F216F300CCC6C2 /* OCDemoUITests.xctest */;
			productType = "com.apple.product-type.bundle.ui-testing";
		};
/* End PBXNativeTarget section */

/* Begin PBXProject section */
		844ABC1521F216F200CCC6C2 /* Project object */ = {
			isa = PBXProject;
			attributes = {
				LastUpgradeCheck = 1010;
				ORGANIZATIONNAME = "This is my code";
				TargetAttributes = {
					844ABC1C21F216F200CCC6C2 = {
						CreatedOnToolsVersion = 10.1;
					};
					844ABC3421F216F200CCC6C2 = {
						CreatedOnToolsVersion = 10.1;
						TestTargetID = 844ABC1C21F216F200CCC6C2;
					};
					844ABC3F21F216F300CCC6C2 = {
						CreatedOnToolsVersion = 10.1;
						TestTargetID = 844ABC1C21F216F200CCC6C2;
					};
				};
			};
			buildConfigurationList = 844ABC1821F216F200CCC6C2 /* Build configuration list for PBXProject "OCDemo" */;
			compatibilityVersion = "Xcode 9.3";
			developmentRegion = en;
			hasScannedForEncodings = 0;
			knownRegions = (
				en,
				Base,
				"zh-Hans",
				"zh-Hant",
			);
			mainGroup = 844ABC1421F216F200CCC6C2;
			productRefGroup = 844ABC1E21F216F200CCC6C2 /* Products */;
			projectDirPath = "";
			projectRoot = "";
			targets = (
				844ABC1C21F216F200CCC6C2 /* OCDemo */,
				844ABC3421F216F200CCC6C2 /* OCDemoTests */,
				844ABC3F21F216F300CCC6C2 /* OCDemoUITests */,
			);
		};
/* End PBXProject section */

/* Begin PBXResourcesBuildPhase section */
		844ABC1B21F216F200CCC6C2 /* Resources */ = {
			isa = PBXResourcesBuildPhase;
			buildActionMask = 2147483647;
			files = (
				844ABD0721F399E600CCC6C2 /* CustomLocalized.strings in Resources */,
				844ABC2D21F216F200CCC6C2 /* LaunchScreen.storyboard in Resources */,
				844ABD0221F399DB00CCC6C2 /* Localizable.strings in Resources */,
				844ABCFD21F399C600CCC6C2 /* InfoPlist.strings in Resources */,
				8438206021F448AA00A30FA3 /* Windbell.mp3 in Resources */,
				8438205E21F446C700A30FA3 /* TestWebView.html in Resources */,
				8438205A21F443FB00A30FA3 /* dynamic.gif in Resources */,
				8438206A21F4663C00A30FA3 /* test.json in Resources */,
				844ABC2A21F216F200CCC6C2 /* Assets.xcassets in Resources */,
				8438206C21F4664200A30FA3 /* test.xml in Resources */,
				844ABD1521F4245B00CCC6C2 /* 站酷快乐体.ttf in Resources */,
			);
			runOnlyForDeploymentPostprocessing = 0;
		};
		844ABC3321F216F200CCC6C2 /* Resources */ = {
			isa = PBXResourcesBuildPhase;
			buildActionMask = 2147483647;
			files = (
			);
			runOnlyForDeploymentPostprocessing = 0;
		};
		844ABC3E21F216F300CCC6C2 /* Resources */ = {
			isa = PBXResourcesBuildPhase;
			buildActionMask = 2147483647;
			files = (
			);
			runOnlyForDeploymentPostprocessing = 0;
		};
/* End PBXResourcesBuildPhase section */

/* Begin PBXShellScriptBuildPhase section */
		0316CD1A1D816371BF81A9BC /* [CP] Check Pods Manifest.lock */ = {
			isa = PBXShellScriptBuildPhase;
			buildActionMask = 2147483647;
			files = (
			);
			inputFileListPaths = (
			);
			inputPaths = (
				"${PODS_PODFILE_DIR_PATH}/Podfile.lock",
				"${PODS_ROOT}/Manifest.lock",
			);
			name = "[CP] Check Pods Manifest.lock";
			outputFileListPaths = (
			);
			outputPaths = (
				"$(DERIVED_FILE_DIR)/Pods-OCDemo-checkManifestLockResult.txt",
			);
			runOnlyForDeploymentPostprocessing = 0;
			shellPath = /bin/sh;
			shellScript = "diff \"${PODS_PODFILE_DIR_PATH}/Podfile.lock\" \"${PODS_ROOT}/Manifest.lock\" > /dev/null\nif [ $? != 0 ] ; then\n    # print error to STDERR\n    echo \"error: The sandbox is not in sync with the Podfile.lock. Run 'pod install' or update your CocoaPods installation.\" >&2\n    exit 1\nfi\n# This output is used by Xcode 'outputs' to avoid re-running this script phase.\necho \"SUCCESS\" > \"${SCRIPT_OUTPUT_FILE_0}\"\n";
			showEnvVarsInLog = 0;
		};
		C5A7A9DE24051E857F43C0E7 /* [CP] Copy Pods Resources */ = {
			isa = PBXShellScriptBuildPhase;
			buildActionMask = 2147483647;
			files = (
			);
			inputFileListPaths = (
			);
			inputPaths = (
				"${SRCROOT}/Pods/Target Support Files/Pods-OCDemo/Pods-OCDemo-resources.sh",
				"${PODS_ROOT}/MJRefresh/MJRefresh/MJRefresh.bundle",
				"${PODS_ROOT}/TZImagePickerController/TZImagePickerController/TZImagePickerController/TZImagePickerController.bundle",
			);
			name = "[CP] Copy Pods Resources";
			outputFileListPaths = (
			);
			outputPaths = (
				"${TARGET_BUILD_DIR}/${UNLOCALIZED_RESOURCES_FOLDER_PATH}/MJRefresh.bundle",
				"${TARGET_BUILD_DIR}/${UNLOCALIZED_RESOURCES_FOLDER_PATH}/TZImagePickerController.bundle",
			);
			runOnlyForDeploymentPostprocessing = 0;
			shellPath = /bin/sh;
			shellScript = "\"${SRCROOT}/Pods/Target Support Files/Pods-OCDemo/Pods-OCDemo-resources.sh\"\n";
			showEnvVarsInLog = 0;
		};
/* End PBXShellScriptBuildPhase section */

/* Begin PBXSourcesBuildPhase section */
		844ABC1921F216F200CCC6C2 /* Sources */ = {
			isa = PBXSourcesBuildPhase;
			buildActionMask = 2147483647;
			files = (
				844B9441220042770050F982 /* BaseTextView.m in Sources */,
				8438204A21F43F0800A30FA3 /* OneHomeViewController.m in Sources */,
				844ABC3021F216F200CCC6C2 /* main.m in Sources */,
				844B943E2200425F0050F982 /* BaseTextField.m in Sources */,
				8438204221F43E4000A30FA3 /* MainViewController.m in Sources */,
				8438205321F43F6100A30FA3 /* FourHomeViewController.m in Sources */,
				8438203921F43C0700A30FA3 /* BaseViewController.m in Sources */,
				8438204D21F43F2500A30FA3 /* TwoHomeViewController.m in Sources */,
				8408A386220045070048EC6C /* UIView+Layout.m in Sources */,
				844B9447220042DC0050F982 /* BaseTableView.m in Sources */,
				844B943122003FD90050F982 /* BaseNavigationController.m in Sources */,
				8438203521F43ADE00A30FA3 /* UIColor+Hex.m in Sources */,
				844B9434220040870050F982 /* BaseTabBarController.m in Sources */,
				844B944A220042F30050F982 /* BaseTableViewCell.m in Sources */,
				8438205021F43F4300A30FA3 /* ThreeHomeViewController.m in Sources */,
				844ABC2221F216F200CCC6C2 /* AppDelegate.m in Sources */,
				8438206821F45BBD00A30FA3 /* DataManager.m in Sources */,
				844B9438220041FC0050F982 /* BaseLabel.m in Sources */,
				844B9444220042B40050F982 /* BaseScrollView.m in Sources */,
				8408A38C2200546B0048EC6C /* Helper.m in Sources */,
				8438203D21F43C5A00A30FA3 /* TestViewController.m in Sources */,
				8408A389220045390048EC6C /* UIViewController+BackButtonHandler.m in Sources */,
				844B943B220042300050F982 /* BaseButton.m in Sources */,
				844B942E22003F750050F982 /* BaseView.m in Sources */,
			);
			runOnlyForDeploymentPostprocessing = 0;
		};
		844ABC3121F216F200CCC6C2 /* Sources */ = {
			isa = PBXSourcesBuildPhase;
			buildActionMask = 2147483647;
			files = (
				844ABC3A21F216F200CCC6C2 /* OCDemoTests.m in Sources */,
			);
			runOnlyForDeploymentPostprocessing = 0;
		};
		844ABC3C21F216F300CCC6C2 /* Sources */ = {
			isa = PBXSourcesBuildPhase;
			buildActionMask = 2147483647;
			files = (
				844ABC4521F216F300CCC6C2 /* OCDemoUITests.m in Sources */,
			);
			runOnlyForDeploymentPostprocessing = 0;
		};
/* End PBXSourcesBuildPhase section */

/* Begin PBXTargetDependency section */
		844ABC3721F216F200CCC6C2 /* PBXTargetDependency */ = {
			isa = PBXTargetDependency;
			target = 844ABC1C21F216F200CCC6C2 /* OCDemo */;
			targetProxy = 844ABC3621F216F200CCC6C2 /* PBXContainerItemProxy */;
		};
		844ABC4221F216F300CCC6C2 /* PBXTargetDependency */ = {
			isa = PBXTargetDependency;
			target = 844ABC1C21F216F200CCC6C2 /* OCDemo */;
			targetProxy = 844ABC4121F216F300CCC6C2 /* PBXContainerItemProxy */;
		};
/* End PBXTargetDependency section */

/* Begin PBXVariantGroup section */
		844ABC2B21F216F200CCC6C2 /* LaunchScreen.storyboard */ = {
			isa = PBXVariantGroup;
			children = (
				844ABC2C21F216F200CCC6C2 /* Base */,
				844ABCF421F398CA00CCC6C2 /* zh-Hans */,
				844ABCF521F398D600CCC6C2 /* zh-Hant */,
			);
			name = LaunchScreen.storyboard;
			sourceTree = "<group>";
		};
		844ABCFF21F399C600CCC6C2 /* InfoPlist.strings */ = {
			isa = PBXVariantGroup;
			children = (
				844ABCFE21F399C600CCC6C2 /* en */,
				844ABD0021F399C800CCC6C2 /* zh-Hans */,
				844ABD0121F399CA00CCC6C2 /* zh-Hant */,
			);
			name = InfoPlist.strings;
			sourceTree = "<group>";
		};
		844ABD0421F399DB00CCC6C2 /* Localizable.strings */ = {
			isa = PBXVariantGroup;
			children = (
				844ABD0321F399DB00CCC6C2 /* en */,
				844ABD0521F399DD00CCC6C2 /* zh-Hans */,
				844ABD0621F399DE00CCC6C2 /* zh-Hant */,
			);
			name = Localizable.strings;
			sourceTree = "<group>";
		};
		844ABD0921F399E600CCC6C2 /* CustomLocalized.strings */ = {
			isa = PBXVariantGroup;
			children = (
				844ABD0821F399E600CCC6C2 /* en */,
				844ABD0A21F399E800CCC6C2 /* zh-Hans */,
				844ABD0B21F399E900CCC6C2 /* zh-Hant */,
			);
			name = CustomLocalized.strings;
			sourceTree = "<group>";
		};
/* End PBXVariantGroup section */

/* Begin XCBuildConfiguration section */
		844ABC4721F216F300CCC6C2 /* Debug */ = {
			isa = XCBuildConfiguration;
			buildSettings = {
				ALWAYS_SEARCH_USER_PATHS = NO;
				CLANG_ANALYZER_LOCALIZABILITY_NONLOCALIZED = YES;
				CLANG_ANALYZER_NONNULL = YES;
				CLANG_ANALYZER_NUMBER_OBJECT_CONVERSION = YES_AGGRESSIVE;
				CLANG_CXX_LANGUAGE_STANDARD = "gnu++14";
				CLANG_CXX_LIBRARY = "libc++";
				CLANG_ENABLE_MODULES = YES;
				CLANG_ENABLE_OBJC_ARC = YES;
				CLANG_ENABLE_OBJC_WEAK = YES;
				CLANG_WARN_BLOCK_CAPTURE_AUTORELEASING = YES;
				CLANG_WARN_BOOL_CONVERSION = YES;
				CLANG_WARN_COMMA = YES;
				CLANG_WARN_CONSTANT_CONVERSION = YES;
				CLANG_WARN_DEPRECATED_OBJC_IMPLEMENTATIONS = YES;
				CLANG_WARN_DIRECT_OBJC_ISA_USAGE = YES_ERROR;
				CLANG_WARN_DOCUMENTATION_COMMENTS = YES;
				CLANG_WARN_EMPTY_BODY = YES;
				CLANG_WARN_ENUM_CONVERSION = YES;
				CLANG_WARN_INFINITE_RECURSION = YES;
				CLANG_WARN_INT_CONVERSION = YES;
				CLANG_WARN_NON_LITERAL_NULL_CONVERSION = YES;
				CLANG_WARN_OBJC_IMPLICIT_RETAIN_SELF = YES;
				CLANG_WARN_OBJC_LITERAL_CONVERSION = YES;
				CLANG_WARN_OBJC_ROOT_CLASS = YES_ERROR;
				CLANG_WARN_RANGE_LOOP_ANALYSIS = YES;
				CLANG_WARN_STRICT_PROTOTYPES = YES;
				CLANG_WARN_SUSPICIOUS_MOVE = YES;
				CLANG_WARN_UNGUARDED_AVAILABILITY = YES_AGGRESSIVE;
				CLANG_WARN_UNREACHABLE_CODE = YES;
				CLANG_WARN__DUPLICATE_METHOD_MATCH = YES;
				CODE_SIGN_IDENTITY = "iPhone Developer";
				COPY_PHASE_STRIP = NO;
				DEBUG_INFORMATION_FORMAT = dwarf;
				ENABLE_STRICT_OBJC_MSGSEND = YES;
				ENABLE_TESTABILITY = YES;
				GCC_C_LANGUAGE_STANDARD = gnu11;
				GCC_DYNAMIC_NO_PIC = NO;
				GCC_NO_COMMON_BLOCKS = YES;
				GCC_OPTIMIZATION_LEVEL = 0;
				GCC_PREPROCESSOR_DEFINITIONS = (
					"DEBUG=1",
					"$(inherited)",
				);
				GCC_WARN_64_TO_32_BIT_CONVERSION = YES;
				GCC_WARN_ABOUT_RETURN_TYPE = YES_ERROR;
				GCC_WARN_UNDECLARED_SELECTOR = YES;
				GCC_WARN_UNINITIALIZED_AUTOS = YES_AGGRESSIVE;
				GCC_WARN_UNUSED_FUNCTION = YES;
				GCC_WARN_UNUSED_VARIABLE = YES;
				IPHONEOS_DEPLOYMENT_TARGET = 12.1;
				MTL_ENABLE_DEBUG_INFO = INCLUDE_SOURCE;
				MTL_FAST_MATH = YES;
				ONLY_ACTIVE_ARCH = YES;
				SDKROOT = iphoneos;
			};
			name = Debug;
		};
		844ABC4821F216F300CCC6C2 /* Release */ = {
			isa = XCBuildConfiguration;
			buildSettings = {
				ALWAYS_SEARCH_USER_PATHS = NO;
				CLANG_ANALYZER_LOCALIZABILITY_NONLOCALIZED = YES;
				CLANG_ANALYZER_NONNULL = YES;
				CLANG_ANALYZER_NUMBER_OBJECT_CONVERSION = YES_AGGRESSIVE;
				CLANG_CXX_LANGUAGE_STANDARD = "gnu++14";
				CLANG_CXX_LIBRARY = "libc++";
				CLANG_ENABLE_MODULES = YES;
				CLANG_ENABLE_OBJC_ARC = YES;
				CLANG_ENABLE_OBJC_WEAK = YES;
				CLANG_WARN_BLOCK_CAPTURE_AUTORELEASING = YES;
				CLANG_WARN_BOOL_CONVERSION = YES;
				CLANG_WARN_COMMA = YES;
				CLANG_WARN_CONSTANT_CONVERSION = YES;
				CLANG_WARN_DEPRECATED_OBJC_IMPLEMENTATIONS = YES;
				CLANG_WARN_DIRECT_OBJC_ISA_USAGE = YES_ERROR;
				CLANG_WARN_DOCUMENTATION_COMMENTS = YES;
				CLANG_WARN_EMPTY_BODY = YES;
				CLANG_WARN_ENUM_CONVERSION = YES;
				CLANG_WARN_INFINITE_RECURSION = YES;
				CLANG_WARN_INT_CONVERSION = YES;
				CLANG_WARN_NON_LITERAL_NULL_CONVERSION = YES;
				CLANG_WARN_OBJC_IMPLICIT_RETAIN_SELF = YES;
				CLANG_WARN_OBJC_LITERAL_CONVERSION = YES;
				CLANG_WARN_OBJC_ROOT_CLASS = YES_ERROR;
				CLANG_WARN_RANGE_LOOP_ANALYSIS = YES;
				CLANG_WARN_STRICT_PROTOTYPES = YES;
				CLANG_WARN_SUSPICIOUS_MOVE = YES;
				CLANG_WARN_UNGUARDED_AVAILABILITY = YES_AGGRESSIVE;
				CLANG_WARN_UNREACHABLE_CODE = YES;
				CLANG_WARN__DUPLICATE_METHOD_MATCH = YES;
				CODE_SIGN_IDENTITY = "iPhone Developer";
				COPY_PHASE_STRIP = NO;
				DEBUG_INFORMATION_FORMAT = "dwarf-with-dsym";
				ENABLE_NS_ASSERTIONS = NO;
				ENABLE_STRICT_OBJC_MSGSEND = YES;
				GCC_C_LANGUAGE_STANDARD = gnu11;
				GCC_NO_COMMON_BLOCKS = YES;
				GCC_WARN_64_TO_32_BIT_CONVERSION = YES;
				GCC_WARN_ABOUT_RETURN_TYPE = YES_ERROR;
				GCC_WARN_UNDECLARED_SELECTOR = YES;
				GCC_WARN_UNINITIALIZED_AUTOS = YES_AGGRESSIVE;
				GCC_WARN_UNUSED_FUNCTION = YES;
				GCC_WARN_UNUSED_VARIABLE = YES;
				IPHONEOS_DEPLOYMENT_TARGET = 12.1;
				MTL_ENABLE_DEBUG_INFO = NO;
				MTL_FAST_MATH = YES;
				SDKROOT = iphoneos;
				VALIDATE_PRODUCT = YES;
			};
			name = Release;
		};
		844ABC4A21F216F300CCC6C2 /* Debug */ = {
			isa = XCBuildConfiguration;
			baseConfigurationReference = 9B470786546A2CB89C27F627 /* Pods-OCDemo.debug.xcconfig */;
			buildSettings = {
				ASSETCATALOG_COMPILER_APPICON_NAME = AppIcon;
				ASSETCATALOG_COMPILER_LAUNCHIMAGE_NAME = LaunchImage;
				CODE_SIGN_STYLE = Automatic;
				DEVELOPMENT_TEAM = 585WE4H6S4;
				GCC_PREFIX_HEADER = "$(SRCROOT)/OCDemo/Supporting Files/OCDemo-Prefix.pch";
				INFOPLIST_FILE = "OCDemo/Supporting Files/Info.plist";
				IPHONEOS_DEPLOYMENT_TARGET = 9.0;
				LD_RUNPATH_SEARCH_PATHS = (
					"$(inherited)",
					"@executable_path/Frameworks",
				);
				PRODUCT_BUNDLE_IDENTIFIER = com.developer.OCDemo;
				PRODUCT_NAME = "$(TARGET_NAME)";
				TARGETED_DEVICE_FAMILY = "1,2";
			};
			name = Debug;
		};
		844ABC4B21F216F300CCC6C2 /* Release */ = {
			isa = XCBuildConfiguration;
			baseConfigurationReference = ED7A9477992E64A3B3997539 /* Pods-OCDemo.release.xcconfig */;
			buildSettings = {
				ASSETCATALOG_COMPILER_APPICON_NAME = AppIcon;
				ASSETCATALOG_COMPILER_LAUNCHIMAGE_NAME = LaunchImage;
				CODE_SIGN_STYLE = Automatic;
				DEVELOPMENT_TEAM = 585WE4H6S4;
				GCC_PREFIX_HEADER = "$(SRCROOT)/OCDemo/Supporting Files/OCDemo-Prefix.pch";
				INFOPLIST_FILE = "OCDemo/Supporting Files/Info.plist";
				IPHONEOS_DEPLOYMENT_TARGET = 9.0;
				LD_RUNPATH_SEARCH_PATHS = (
					"$(inherited)",
					"@executable_path/Frameworks",
				);
				PRODUCT_BUNDLE_IDENTIFIER = com.developer.OCDemo;
				PRODUCT_NAME = "$(TARGET_NAME)";
				TARGETED_DEVICE_FAMILY = "1,2";
			};
			name = Release;
		};
		844ABC4D21F216F300CCC6C2 /* Debug */ = {
			isa = XCBuildConfiguration;
			buildSettings = {
				BUNDLE_LOADER = "$(TEST_HOST)";
				CODE_SIGN_STYLE = Automatic;
				DEVELOPMENT_TEAM = 585WE4H6S4;
				INFOPLIST_FILE = OCDemoTests/Info.plist;
				LD_RUNPATH_SEARCH_PATHS = (
					"$(inherited)",
					"@executable_path/Frameworks",
					"@loader_path/Frameworks",
				);
				PRODUCT_BUNDLE_IDENTIFIER = com.developer.OCDemoTests;
				PRODUCT_NAME = "$(TARGET_NAME)";
				TARGETED_DEVICE_FAMILY = "1,2";
				TEST_HOST = "$(BUILT_PRODUCTS_DIR)/OCDemo.app/OCDemo";
			};
			name = Debug;
		};
		844ABC4E21F216F300CCC6C2 /* Release */ = {
			isa = XCBuildConfiguration;
			buildSettings = {
				BUNDLE_LOADER = "$(TEST_HOST)";
				CODE_SIGN_STYLE = Automatic;
				DEVELOPMENT_TEAM = 585WE4H6S4;
				INFOPLIST_FILE = OCDemoTests/Info.plist;
				LD_RUNPATH_SEARCH_PATHS = (
					"$(inherited)",
					"@executable_path/Frameworks",
					"@loader_path/Frameworks",
				);
				PRODUCT_BUNDLE_IDENTIFIER = com.developer.OCDemoTests;
				PRODUCT_NAME = "$(TARGET_NAME)";
				TARGETED_DEVICE_FAMILY = "1,2";
				TEST_HOST = "$(BUILT_PRODUCTS_DIR)/OCDemo.app/OCDemo";
			};
			name = Release;
		};
		844ABC5021F216F300CCC6C2 /* Debug */ = {
			isa = XCBuildConfiguration;
			buildSettings = {
				CODE_SIGN_STYLE = Automatic;
				DEVELOPMENT_TEAM = 585WE4H6S4;
				INFOPLIST_FILE = OCDemoUITests/Info.plist;
				LD_RUNPATH_SEARCH_PATHS = (
					"$(inherited)",
					"@executable_path/Frameworks",
					"@loader_path/Frameworks",
				);
				PRODUCT_BUNDLE_IDENTIFIER = com.developer.OCDemoUITests;
				PRODUCT_NAME = "$(TARGET_NAME)";
				TARGETED_DEVICE_FAMILY = "1,2";
				TEST_TARGET_NAME = OCDemo;
			};
			name = Debug;
		};
		844ABC5121F216F300CCC6C2 /* Release */ = {
			isa = XCBuildConfiguration;
			buildSettings = {
				CODE_SIGN_STYLE = Automatic;
				DEVELOPMENT_TEAM = 585WE4H6S4;
				INFOPLIST_FILE = OCDemoUITests/Info.plist;
				LD_RUNPATH_SEARCH_PATHS = (
					"$(inherited)",
					"@executable_path/Frameworks",
					"@loader_path/Frameworks",
				);
				PRODUCT_BUNDLE_IDENTIFIER = com.developer.OCDemoUITests;
				PRODUCT_NAME = "$(TARGET_NAME)";
				TARGETED_DEVICE_FAMILY = "1,2";
				TEST_TARGET_NAME = OCDemo;
			};
			name = Release;
		};
/* End XCBuildConfiguration section */

/* Begin XCConfigurationList section */
		844ABC1821F216F200CCC6C2 /* Build configuration list for PBXProject "OCDemo" */ = {
			isa = XCConfigurationList;
			buildConfigurations = (
				844ABC4721F216F300CCC6C2 /* Debug */,
				844ABC4821F216F300CCC6C2 /* Release */,
			);
			defaultConfigurationIsVisible = 0;
			defaultConfigurationName = Release;
		};
		844ABC4921F216F300CCC6C2 /* Build configuration list for PBXNativeTarget "OCDemo" */ = {
			isa = XCConfigurationList;
			buildConfigurations = (
				844ABC4A21F216F300CCC6C2 /* Debug */,
				844ABC4B21F216F300CCC6C2 /* Release */,
			);
			defaultConfigurationIsVisible = 0;
			defaultConfigurationName = Release;
		};
		844ABC4C21F216F300CCC6C2 /* Build configuration list for PBXNativeTarget "OCDemoTests" */ = {
			isa = XCConfigurationList;
			buildConfigurations = (
				844ABC4D21F216F300CCC6C2 /* Debug */,
				844ABC4E21F216F300CCC6C2 /* Release */,
			);
			defaultConfigurationIsVisible = 0;
			defaultConfigurationName = Release;
		};
		844ABC4F21F216F300CCC6C2 /* Build configuration list for PBXNativeTarget "OCDemoUITests" */ = {
			isa = XCConfigurationList;
			buildConfigurations = (
				844ABC5021F216F300CCC6C2 /* Debug */,
				844ABC5121F216F300CCC6C2 /* Release */,
			);
			defaultConfigurationIsVisible = 0;
			defaultConfigurationName = Release;
		};
/* End XCConfigurationList section */
	};
	rootObject = 844ABC1521F216F200CCC6C2 /* Project object */;
}
